// !$*UTF8*$!
{
	archiveVersion = 1;
	classes = {
	};
	objectVersion = 77;
	objects = {

/* Begin PBXBuildFile section */
		641B1B15303B25A100C26189 /* AppDelegate.swift in Sources */ = {isa = PBXBuildFile; fileRef = 641B1B14303B25A100C26189 /* AppDelegate.swift */; };
		641B1B19303B25A100C26189 /* Main.html in Resources */ = {isa = PBXBuildFile; fileRef = 641B1B17303B25A100C26189 /* Main.html */; };
		641B1B1B303B25A100C26189 /* Icon.png in Resources */ = {isa = PBXBuildFile; fileRef = 641B1B1A303B25A100C26189 /* Icon.png */; };
		641B1B1D303B25A100C26189 /* Style.css in Resources */ = {isa = PBXBuildFile; fileRef = 641B1B1C303B25A100C26189 /* Style.css */; };
		641B1B1F303B25A100C26189 /* Script.js in Resources */ = {isa = PBXBuildFile; fileRef = 641B1B1E303B25A100C26189 /* Script.js */; };
		641B1B21303B25A100C26189 /* ViewController.swift in Sources */ = {isa = PBXBuildFile; fileRef = 641B1B20303B25A100C26189 /* ViewController.swift */; };
		641B1B24303B25A100C26189 /* Main.storyboard in Resources */ = {isa = PBXBuildFile; fileRef = 641B1B22303B25A100C26189 /* Main.storyboard */; };
		641B1B26303B25A200C26189 /* Assets.xcassets in Resources */ = {isa = PBXBuildFile; fileRef = 641B1B25303B25A200C26189 /* Assets.xcassets */; };
		641B1B2D303B25A200C26189 /* Chzzk Safari Extension Extension.appex in Embed Foundation Extensions */ = {isa = PBXBuildFile; fileRef = 641B1B2C303B25A200C26189 /* Chzzk Safari Extension Extension.appex */; settings = {ATTRIBUTES = (RemoveHeadersOnCopy, ); }; };
		641B1B32303B25A200C26189 /* SafariWebExtensionHandler.swift in Sources */ = {isa = PBXBuildFile; fileRef = 641B1B31303B25A200C26189 /* SafariWebExtensionHandler.swift */; };
		641B1B43303B25A200C26189 /* popup in Resources */ = {isa = PBXBuildFile; fileRef = 641B1B3E303B25A200C26189 /* popup */; };
		641B1B44303B25A200C26189 /* content in Resources */ = {isa = PBXBuildFile; fileRef = 641B1B3F303B25A200C26189 /* content */; };
		641B1B45303B25A200C26189 /* common in Resources */ = {isa = PBXBuildFile; fileRef = 641B1B40303B25A200C26189 /* common */; };
		641B1B46303B25A200C26189 /* icons in Resources */ = {isa = PBXBuildFile; fileRef = 641B1B41303B25A200C26189 /* icons */; };
		641B1B47303B25A200C26189 /* manifest.json in Resources */ = {isa = PBXBuildFile; fileRef = 641B1B42303B25A200C26189 /* manifest.json */; };
/* End PBXBuildFile section */

/* Begin PBXContainerItemProxy section */
		641B1B2E303B25A200C26189 /* PBXContainerItemProxy */ = {
			isa = PBXContainerItemProxy;
			containerPortal = 641B1B09303B25A100C26189 /* Project object */;
			proxyType = 1;
			remoteGlobalIDString = 641B1B2B303B25A200C26189;
			remoteInfo = "Chzzk Safari Extension Extension";
		};
/* End PBXContainerItemProxy section */

/* Begin PBXCopyFilesBuildPhase section */
		641B1B39303B25A200C26189 /* Embed Foundation Extensions */ = {
			isa = PBXCopyFilesBuildPhase;
			buildActionMask = 2147483647;
			dstPath = "";
			dstSubfolderSpec = 13;
			files = (
				641B1B2D303B25A200C26189 /* Chzzk Safari Extension Extension.appex in Embed Foundation Extensions */,
			);
			name = "Embed Foundation Extensions";
			runOnlyForDeploymentPostprocessing = 0;
		};
/* End PBXCopyFilesBuildPhase section */

/* Begin PBXFileReference section */
		641B1B11303B25A100C26189 /* Chzzk Safari Extension.app */ = {isa = PBXFileReference; explicitFileType = wrapper.application; includeInIndex = 0; path = "Chzzk Safari Extension.app"; sourceTree = BUILT_PRODUCTS_DIR; };
		641B1B14303B25A100C26189 /* AppDelegate.swift */ = {isa = PBXFileReference; lastKnownFileType = sourcecode.swift; path = AppDelegate.swift; sourceTree = "<group>"; };
		641B1B18303B25A100C26189 /* Base */ = {isa = PBXFileReference; lastKnownFileType = text.html; name = Base; path = Base.lproj/Main.html; sourceTree = "<group>"; };
		641B1B1A303B25A100C26189 /* Icon.png */ = {isa = PBXFileReference; lastKnownFileType = image.png; path = Icon.png; sourceTree = "<group>"; };
		641B1B1C303B25A100C26189 /* Style.css */ = {isa = PBXFileReference; lastKnownFileType = text.css; path = Style.css; sourceTree = "<group>"; };
		641B1B1E303B25A100C26189 /* Script.js */ = {isa = PBXFileReference; lastKnownFileType = sourcecode.javascript; path = Script.js; sourceTree = "<group>"; };
		641B1B20303B25A100C26189 /* ViewController.swift */ = {isa = PBXFileReference; lastKnownFileType = sourcecode.swift; path = ViewController.swift; sourceTree = "<group>"; };
		641B1B23303B25A100C26189 /* Base */ = {isa = PBXFileReference; lastKnownFileType = file.storyboard; name = Base; path = Base.lproj/Main.storyboard; sourceTree = "<group>"; };
		641B1B25303B25A200C26189 /* Assets.xcassets */ = {isa = PBXFileReference; lastKnownFileType = folder.assetcatalog; path = Assets.xcassets; sourceTree = "<group>"; };
		641B1B27303B25A200C26189 /* Info.plist */ = {isa = PBXFileReference; lastKnownFileType = text.plist.xml; path = Info.plist; sourceTree = "<group>"; };
		641B1B2C303B25A200C26189 /* Chzzk Safari Extension Extension.appex */ = {isa = PBXFileReference; explicitFileType = "wrapper.app-extension"; includeInIndex = 0; path = "Chzzk Safari Extension Extension.appex"; sourceTree = BUILT_PRODUCTS_DIR; };
		641B1B31303B25A200C26189 /* SafariWebExtensionHandler.swift */ = {isa = PBXFileReference; lastKnownFileType = sourcecode.swift; path = SafariWebExtensionHandler.swift; sourceTree = "<group>"; };
		641B1B33303B25A200C26189 /* Info.plist */ = {isa = PBXFileReference; lastKnownFileType = text.plist.xml; path = Info.plist; sourceTree = "<group>"; };
		641B1B3E303B25A200C26189 /* popup */ = {isa = PBXFileReference; lastKnownFileType = folder; name = popup; path = ../../../extension/popup; sourceTree = "<group>"; };
		641B1B3F303B25A200C26189 /* content */ = {isa = PBXFileReference; lastKnownFileType = folder; name = content; path = ../../../extension/content; sourceTree = "<group>"; };
		641B1B40303B25A200C26189 /* common */ = {isa = PBXFileReference; lastKnownFileType = folder; name = common; path = ../../../extension/common; sourceTree = "<group>"; };
		641B1B41303B25A200C26189 /* icons */ = {isa = PBXFileReference; lastKnownFileType = folder; name = icons; path = ../../../extension/icons; sourceTree = "<group>"; };
		641B1B42303B25A200C26189 /* manifest.json */ = {isa = PBXFileReference; lastKnownFileType = text.json; name = manifest.json; path = ../../../extension/manifest.json; sourceTree = "<group>"; };
/* End PBXFileReference section */

/* Begin PBXFrameworksBuildPhase section */
		641B1B0E303B25A100C26189 /* Frameworks */ = {
			isa = PBXFrameworksBuildPhase;
			buildActionMask = 2147483647;
			files = (
			);
			runOnlyForDeploymentPostprocessing = 0;
		};
		641B1B29303B25A200C26189 /* Frameworks */ = {
			isa = PBXFrameworksBuildPhase;
			buildActionMask = 2147483647;
			files = (
			);
			runOnlyForDeploymentPostprocessing = 0;
		};
/* End PBXFrameworksBuildPhase section */

/* Begin PBXGroup section */
		641B1B08303B25A100C26189 = {
			isa = PBXGroup;
			children = (
				641B1B13303B25A100C26189 /* Chzzk Safari Extension */,
				641B1B30303B25A200C26189 /* Chzzk Safari Extension Extension */,
				641B1B12303B25A100C26189 /* Products */,
			);
			sourceTree = "<group>";
		};
		641B1B12303B25A100C26189 /* Products */ = {
			isa = PBXGroup;
			children = (
				641B1B11303B25A100C26189 /* Chzzk Safari Extension.app */,
				641B1B2C303B25A200C26189 /* Chzzk Safari Extension Extension.appex */,
			);
			name = Products;
			sourceTree = "<group>";
		};
		641B1B13303B25A100C26189 /* Chzzk Safari Extension */ = {
			isa = PBXGroup;
			children = (
				641B1B14303B25A100C26189 /* AppDelegate.swift */,
				641B1B20303B25A100C26189 /* ViewController.swift */,
				641B1B22303B25A100C26189 /* Main.storyboard */,
				641B1B25303B25A200C26189 /* Assets.xcassets */,
				641B1B27303B25A200C26189 /* Info.plist */,
				641B1B16303B25A100C26189 /* Resources */,
			);
			path = "Chzzk Safari Extension";
			sourceTree = "<group>";
		};
		641B1B16303B25A100C26189 /* Resources */ = {
			isa = PBXGroup;
			children = (
				641B1B17303B25A100C26189 /* Main.html */,
				641B1B1A303B25A100C26189 /* Icon.png */,
				641B1B1C303B25A100C26189 /* Style.css */,
				641B1B1E303B25A100C26189 /* Script.js */,
			);
			path = Resources;
			sourceTree = "<group>";
		};
		641B1B30303B25A200C26189 /* Chzzk Safari Extension Extension */ = {
			isa = PBXGroup;
			children = (
				641B1B3D303B25A200C26189 /* Resources */,
				641B1B31303B25A200C26189 /* SafariWebExtensionHandler.swift */,
				641B1B33303B25A200C26189 /* Info.plist */,
			);
			path = "Chzzk Safari Extension Extension";
			sourceTree = "<group>";
		};
		641B1B3D303B25A200C26189 /* Resources */ = {
			isa = PBXGroup;
			children = (
				641B1B3E303B25A200C26189 /* popup */,
				641B1B3F303B25A200C26189 /* content */,
				641B1B40303B25A200C26189 /* common */,
				641B1B41303B25A200C26189 /* icons */,
				641B1B42303B25A200C26189 /* manifest.json */,
			);
			name = Resources;
			path = "Chzzk Safari Extension Extension";
			sourceTree = SOURCE_ROOT;
		};
/* End PBXGroup section */

/* Begin PBXNativeTarget section */
		641B1B10303B25A100C26189 /* Chzzk Safari Extension */ = {
			isa = PBXNativeTarget;
			buildConfigurationList = 641B1B3A303B25A200C26189 /* Build configuration list for PBXNativeTarget "Chzzk Safari Extension" */;
			buildPhases = (
				641B1B0D303B25A100C26189 /* Sources */,
				641B1B0E303B25A100C26189 /* Frameworks */,
				641B1B0F303B25A100C26189 /* Resources */,
				641B1B39303B25A200C26189 /* Embed Foundation Extensions */,
			);
			buildRules = (
			);
			dependencies = (
				641B1B2F303B25A200C26189 /* PBXTargetDependency */,
			);
			name = "Chzzk Safari Extension";
			packageProductDependencies = (
			);
			productName = "Chzzk Safari Extension";
			productReference = 641B1B11303B25A100C26189 /* Chzzk Safari Extension.app */;
			productType = "com.apple.product-type.application";
		};
		641B1B2B303B25A200C26189 /* Chzzk Safari Extension Extension */ = {
			isa = PBXNativeTarget;
			buildConfigurationList = 641B1B36303B25A200C26189 /* Build configuration list for PBXNativeTarget "Chzzk Safari Extension Extension" */;
			buildPhases = (
				641B1B28303B25A200C26189 /* Sources */,
				641B1B29303B25A200C26189 /* Frameworks */,
				641B1B2A303B25A200C26189 /* Resources */,
			);
			buildRules = (
			);
			dependencies = (
			);
			name = "Chzzk Safari Extension Extension";
			packageProductDependencies = (
			);
			productName = "Chzzk Safari Extension Extension";
			productReference = 641B1B2C303B25A200C26189 /* Chzzk Safari Extension Extension.appex */;
			productType = "com.apple.product-type.app-extension";
		};
/* End PBXNativeTarget section */

/* Begin PBXProject section */
		641B1B09303B25A100C26189 /* Project object */ = {
			isa = PBXProject;
			attributes = {
				BuildIndependentTargetsInParallel = 1;
				LastSwiftUpdateCheck = 2660;
				LastUpgradeCheck = 2660;
				TargetAttributes = {
					641B1B10303B25A100C26189 = {
						CreatedOnToolsVersion = 26.6;
					};
					641B1B2B303B25A200C26189 = {
						CreatedOnToolsVersion = 26.6;
					};
				};
			};
			buildConfigurationList = 641B1B0C303B25A100C26189 /* Build configuration list for PBXProject "Chzzk Safari Extension" */;
			developmentRegion = en;
			hasScannedForEncodings = 0;
			knownRegions = (
				en,
				Base,
			);
			mainGroup = 641B1B08303B25A100C26189;
			minimizedProjectReferenceProxies = 1;
			preferredProjectObjectVersion = 77;
			productRefGroup = 641B1B12303B25A100C26189 /* Products */;
			projectDirPath = "";
			projectRoot = "";
			targets = (
				641B1B10303B25A100C26189 /* Chzzk Safari Extension */,
				641B1B2B303B25A200C26189 /* Chzzk Safari Extension Extension */,
			);
		};
/* End PBXProject section */

/* Begin PBXResourcesBuildPhase section */
		641B1B0F303B25A100C26189 /* Resources */ = {
			isa = PBXResourcesBuildPhase;
			buildActionMask = 2147483647;
			files = (
				641B1B1B303B25A100C26189 /* Icon.png in Resources */,
				641B1B24303B25A100C26189 /* Main.storyboard in Resources */,
				641B1B1F303B25A100C26189 /* Script.js in Resources */,
				641B1B19303B25A100C26189 /* Main.html in Resources */,
				641B1B26303B25A200C26189 /* Assets.xcassets in Resources */,
				641B1B1D303B25A100C26189 /* Style.css in Resources */,
			);
			runOnlyForDeploymentPostprocessing = 0;
		};
		641B1B2A303B25A200C26189 /* Resources */ = {
			isa = PBXResourcesBuildPhase;
			buildActionMask = 2147483647;
			files = (
				641B1B44303B25A200C26189 /* content in Resources */,
				641B1B46303B25A200C26189 /* icons in Resources */,
				641B1B47303B25A200C26189 /* manifest.json in Resources */,
				641B1B45303B25A200C26189 /* common in Resources */,
				641B1B43303B25A200C26189 /* popup in Resources */,
			);
			runOnlyForDeploymentPostprocessing = 0;
		};
/* End PBXResourcesBuildPhase section */

/* Begin PBXSourcesBuildPhase section */
		641B1B0D303B25A100C26189 /* Sources */ = {
			isa = PBXSourcesBuildPhase;
			buildActionMask = 2147483647;
			files = (
				641B1B21303B25A100C26189 /* ViewController.swift in Sources */,
				641B1B15303B25A100C26189 /* AppDelegate.swift in Sources */,
			);
			runOnlyForDeploymentPostprocessing = 0;
		};
		641B1B28303B25A200C26189 /* Sources */ = {
			isa = PBXSourcesBuildPhase;
			buildActionMask = 2147483647;
			files = (
				641B1B32303B25A200C26189 /* SafariWebExtensionHandler.swift in Sources */,
			);
			runOnlyForDeploymentPostprocessing = 0;
		};
/* End PBXSourcesBuildPhase section */

/* Begin PBXTargetDependency section */
		641B1B2F303B25A200C26189 /* PBXTargetDependency */ = {
			isa = PBXTargetDependency;
			target = 641B1B2B303B25A200C26189 /* Chzzk Safari Extension Extension */;
			targetProxy = 641B1B2E303B25A200C26189 /* PBXContainerItemProxy */;
		};
/* End PBXTargetDependency section */

/* Begin PBXVariantGroup section */
		641B1B17303B25A100C26189 /* Main.html */ = {
			isa = PBXVariantGroup;
			children = (
				641B1B18303B25A100C26189 /* Base */,
			);
			name = Main.html;
			sourceTree = "<group>";
		};
		641B1B22303B25A100C26189 /* Main.storyboard */ = {
			isa = PBXVariantGroup;
			children = (
				641B1B23303B25A100C26189 /* Base */,
			);
			name = Main.storyboard;
			sourceTree = "<group>";
		};
/* End PBXVariantGroup section */

/* Begin XCBuildConfiguration section */
		641B1B34303B25A200C26189 /* Debug */ = {
			isa = XCBuildConfiguration;
			buildSettings = {
				ALWAYS_SEARCH_USER_PATHS = NO;
				ASSETCATALOG_COMPILER_GENERATE_SWIFT_ASSET_SYMBOL_EXTENSIONS = YES;
				CLANG_ANALYZER_NONNULL = YES;
				CLANG_ANALYZER_NUMBER_OBJECT_CONVERSION = YES_AGGRESSIVE;
				CLANG_CXX_LANGUAGE_STANDARD = "gnu++20";
				CLANG_ENABLE_MODULES = YES;
				CLANG_ENABLE_OBJC_ARC = YES;
				CLANG_ENABLE_OBJC_WEAK = YES;
				CLANG_WARN_BLOCK_CAPTURE_AUTORELEASING = YES;
				CLANG_WARN_BOOL_CONVERSION = YES;
				CLANG_WARN_COMMA = YES;
				CLANG_WARN_CONSTANT_CONVERSION = YES;
				CLANG_WARN_DEPRECATED_OBJC_IMPLEMENTATIONS = YES;
				CLANG_WARN_DIRECT_OBJC_ISA_USAGE = YES_ERROR;
				CLANG_WARN_DOCUMENTATION_COMMENTS = YES;
				CLANG_WARN_EMPTY_BODY = YES;
				CLANG_WARN_ENUM_CONVERSION = YES;
				CLANG_WARN_INFINITE_RECURSION = YES;
				CLANG_WARN_INT_CONVERSION = YES;
				CLANG_WARN_NON_LITERAL_NULL_CONVERSION = YES;
				CLANG_WARN_OBJC_IMPLICIT_RETAIN_SELF = YES;
				CLANG_WARN_OBJC_LITERAL_CONVERSION = YES;
				CLANG_WARN_OBJC_ROOT_CLASS = YES_ERROR;
				CLANG_WARN_QUOTED_INCLUDE_IN_FRAMEWORK_HEADER = YES;
				CLANG_WARN_RANGE_LOOP_ANALYSIS = YES;
				CLANG_WARN_STRICT_PROTOTYPES = YES;
				CLANG_WARN_SUSPICIOUS_MOVE = YES;
				CLANG_WARN_UNGUARDED_AVAILABILITY = YES_AGGRESSIVE;
				CLANG_WARN_UNREACHABLE_CODE = YES;
				CLANG_WARN__DUPLICATE_METHOD_MATCH = YES;
				COPY_PHASE_STRIP = NO;
				DEBUG_INFORMATION_FORMAT = dwarf;
				ENABLE_STRICT_OBJC_MSGSEND = YES;
				ENABLE_TESTABILITY = YES;
				ENABLE_USER_SCRIPT_SANDBOXING = YES;
				GCC_C_LANGUAGE_STANDARD = gnu17;
				GCC_DYNAMIC_NO_PIC = NO;
				GCC_NO_COMMON_BLOCKS = YES;
				GCC_OPTIMIZATION_LEVEL = 0;
				GCC_PREPROCESSOR_DEFINITIONS = (
					"DEBUG=1",
					"$(inherited)",
				);
				GCC_WARN_64_TO_32_BIT_CONVERSION = YES;
				GCC_WARN_ABOUT_RETURN_TYPE = YES_ERROR;
				GCC_WARN_UNDECLARED_SELECTOR = YES;
				GCC_WARN_UNINITIALIZED_AUTOS = YES_AGGRESSIVE;
				GCC_WARN_UNUSED_FUNCTION = YES;
				GCC_WARN_UNUSED_VARIABLE = YES;
				LOCALIZATION_PREFERS_STRING_CATALOGS = YES;
				MACOSX_DEPLOYMENT_TARGET = 13.0;
				MTL_ENABLE_DEBUG_INFO = INCLUDE_SOURCE;
				MTL_FAST_MATH = YES;
				ONLY_ACTIVE_ARCH = YES;
				SDKROOT = macosx;
				SWIFT_ACTIVE_COMPILATION_CONDITIONS = "DEBUG $(inherited)";
				SWIFT_OPTIMIZATION_LEVEL = "-Onone";
			};
			name = Debug;
		};
		641B1B35303B25A200C26189 /* Release */ = {
			isa = XCBuildConfiguration;
			buildSettings = {
				ALWAYS_SEARCH_USER_PATHS = NO;
				ASSETCATALOG_COMPILER_GENERATE_SWIFT_ASSET_SYMBOL_EXTENSIONS = YES;
				CLANG_ANALYZER_NONNULL = YES;
				CLANG_ANALYZER_NUMBER_OBJECT_CONVERSION = YES_AGGRESSIVE;
				CLANG_CXX_LANGUAGE_STANDARD = "gnu++20";
				CLANG_ENABLE_MODULES = YES;
				CLANG_ENABLE_OBJC_ARC = YES;
				CLANG_ENABLE_OBJC_WEAK = YES;
				CLANG_WARN_BLOCK_CAPTURE_AUTORELEASING = YES;
				CLANG_WARN_BOOL_CONVERSION = YES;
				CLANG_WARN_COMMA = YES;
				CLANG_WARN_CONSTANT_CONVERSION = YES;
				CLANG_WARN_DEPRECATED_OBJC_IMPLEMENTATIONS = YES;
				CLANG_WARN_DIRECT_OBJC_ISA_USAGE = YES_ERROR;
				CLANG_WARN_DOCUMENTATION_COMMENTS = YES;
				CLANG_WARN_EMPTY_BODY = YES;
				CLANG_WARN_ENUM_CONVERSION = YES;
				CLANG_WARN_INFINITE_RECURSION = YES;
				CLANG_WARN_INT_CONVERSION = YES;
				CLANG_WARN_NON_LITERAL_NULL_CONVERSION = YES;
				CLANG_WARN_OBJC_IMPLICIT_RETAIN_SELF = YES;
				CLANG_WARN_OBJC_LITERAL_CONVERSION = YES;
				CLANG_WARN_OBJC_ROOT_CLASS = YES_ERROR;
				CLANG_WARN_QUOTED_INCLUDE_IN_FRAMEWORK_HEADER = YES;
				CLANG_WARN_RANGE_LOOP_ANALYSIS = YES;
				CLANG_WARN_STRICT_PROTOTYPES = YES;
				CLANG_WARN_SUSPICIOUS_MOVE = YES;
				CLANG_WARN_UNGUARDED_AVAILABILITY = YES_AGGRESSIVE;
				CLANG_WARN_UNREACHABLE_CODE = YES;
				CLANG_WARN__DUPLICATE_METHOD_MATCH = YES;
				COPY_PHASE_STRIP = NO;
				DEBUG_INFORMATION_FORMAT = "dwarf-with-dsym";
				ENABLE_NS_ASSERTIONS = NO;
				ENABLE_STRICT_OBJC_MSGSEND = YES;
				ENABLE_USER_SCRIPT_SANDBOXING = YES;
				GCC_C_LANGUAGE_STANDARD = gnu17;
				GCC_NO_COMMON_BLOCKS = YES;
				GCC_WARN_64_TO_32_BIT_CONVERSION = YES;
				GCC_WARN_ABOUT_RETURN_TYPE = YES_ERROR;
				GCC_WARN_UNDECLARED_SELECTOR = YES;
				GCC_WARN_UNINITIALIZED_AUTOS = YES_AGGRESSIVE;
				GCC_WARN_UNUSED_FUNCTION = YES;
				GCC_WARN_UNUSED_VARIABLE = YES;
				LOCALIZATION_PREFERS_STRING_CATALOGS = YES;
				MACOSX_DEPLOYMENT_TARGET = 13.0;
				MTL_ENABLE_DEBUG_INFO = NO;
				MTL_FAST_MATH = YES;
				SDKROOT = macosx;
				SWIFT_COMPILATION_MODE = wholemodule;
			};
			name = Release;
		};
		641B1B37303B25A200C26189 /* Debug */ = {
			isa = XCBuildConfiguration;
			buildSettings = {
				CODE_SIGN_STYLE = Automatic;
				CURRENT_PROJECT_VERSION = 1;
				DEVELOPMENT_TEAM = Y9XXM8XCWH;
				ENABLE_APP_SANDBOX = YES;
				ENABLE_HARDENED_RUNTIME = YES;
				ENABLE_USER_SELECTED_FILES = readonly;
				GENERATE_INFOPLIST_FILE = YES;
				INFOPLIST_FILE = "Chzzk Safari Extension Extension/Info.plist";
				INFOPLIST_KEY_CFBundleDisplayName = "Chzzk Safari Extension Extension";
				INFOPLIST_KEY_NSHumanReadableCopyright = "";
				LD_RUNPATH_SEARCH_PATHS = (
					"$(inherited)",
					"@executable_path/../Frameworks",
					"@executable_path/../../../../Frameworks",
				);
				MACOSX_DEPLOYMENT_TARGET = 10.14;
				MARKETING_VERSION = 1.0;
				OTHER_LDFLAGS = (
					"-framework",
					SafariServices,
				);
				PRODUCT_BUNDLE_IDENTIFIER = "dev.zxc88kr.chzzk-safari-extension.Extension";
				PRODUCT_NAME = "$(TARGET_NAME)";
				SKIP_INSTALL = YES;
				STRING_CATALOG_GENERATE_SYMBOLS = YES;
				SWIFT_APPROACHABLE_CONCURRENCY = YES;
				SWIFT_EMIT_LOC_STRINGS = YES;
				SWIFT_UPCOMING_FEATURE_MEMBER_IMPORT_VISIBILITY = YES;
				SWIFT_VERSION = 5.0;
			};
			name = Debug;
		};
		641B1B38303B25A200C26189 /* Release */ = {
			isa = XCBuildConfiguration;
			buildSettings = {
				CODE_SIGN_STYLE = Automatic;
				CURRENT_PROJECT_VERSION = 1;
				DEVELOPMENT_TEAM = Y9XXM8XCWH;
				ENABLE_APP_SANDBOX = YES;
				ENABLE_HARDENED_RUNTIME = YES;
				ENABLE_USER_SELECTED_FILES = readonly;
				GENERATE_INFOPLIST_FILE = YES;
				INFOPLIST_FILE = "Chzzk Safari Extension Extension/Info.plist";
				INFOPLIST_KEY_CFBundleDisplayName = "Chzzk Safari Extension Extension";
				INFOPLIST_KEY_NSHumanReadableCopyright = "";
				LD_RUNPATH_SEARCH_PATHS = (
					"$(inherited)",
					"@executable_path/../Frameworks",
					"@executable_path/../../../../Frameworks",
				);
				MACOSX_DEPLOYMENT_TARGET = 10.14;
				MARKETING_VERSION = 1.0;
				OTHER_LDFLAGS = (
					"-framework",
					SafariServices,
				);
				PRODUCT_BUNDLE_IDENTIFIER = "dev.zxc88kr.chzzk-safari-extension.Extension";
				PRODUCT_NAME = "$(TARGET_NAME)";
				SKIP_INSTALL = YES;
				STRING_CATALOG_GENERATE_SYMBOLS = YES;
				SWIFT_APPROACHABLE_CONCURRENCY = YES;
				SWIFT_EMIT_LOC_STRINGS = YES;
				SWIFT_UPCOMING_FEATURE_MEMBER_IMPORT_VISIBILITY = YES;
				SWIFT_VERSION = 5.0;
			};
			name = Release;
		};
		641B1B3B303B25A200C26189 /* Debug */ = {
			isa = XCBuildConfiguration;
			buildSettings = {
				ASSETCATALOG_COMPILER_APPICON_NAME = AppIcon;
				ASSETCATALOG_COMPILER_GLOBAL_ACCENT_COLOR_NAME = AccentColor;
				CODE_SIGN_STYLE = Automatic;
				COMBINE_HIDPI_IMAGES = YES;
				CURRENT_PROJECT_VERSION = 1;
				DEVELOPMENT_TEAM = Y9XXM8XCWH;
				ENABLE_APP_SANDBOX = YES;
				ENABLE_HARDENED_RUNTIME = YES;
				ENABLE_OUTGOING_NETWORK_CONNECTIONS = YES;
				ENABLE_USER_SELECTED_FILES = readonly;
				GENERATE_INFOPLIST_FILE = YES;
				INFOPLIST_FILE = "Chzzk Safari Extension/Info.plist";
				INFOPLIST_KEY_CFBundleDisplayName = "Chzzk Safari Extension";
				INFOPLIST_KEY_NSHumanReadableCopyright = "";
				INFOPLIST_KEY_NSMainStoryboardFile = Main;
				INFOPLIST_KEY_NSPrincipalClass = NSApplication;
				LD_RUNPATH_SEARCH_PATHS = (
					"$(inherited)",
					"@executable_path/../Frameworks",
				);
				MARKETING_VERSION = 1.0;
				OTHER_LDFLAGS = (
					"-framework",
					SafariServices,
					"-framework",
					WebKit,
				);
				PRODUCT_BUNDLE_IDENTIFIER = "dev.zxc88kr.chzzk-safari-extension";
				PRODUCT_NAME = "$(TARGET_NAME)";
				REGISTER_APP_GROUPS = YES;
				STRING_CATALOG_GENERATE_SYMBOLS = YES;
				SWIFT_APPROACHABLE_CONCURRENCY = YES;
				SWIFT_DEFAULT_ACTOR_ISOLATION = MainActor;
				SWIFT_EMIT_LOC_STRINGS = YES;
				SWIFT_UPCOMING_FEATURE_MEMBER_IMPORT_VISIBILITY = YES;
				SWIFT_VERSION = 5.0;
			};
			name = Debug;
		};
		641B1B3C303B25A200C26189 /* Release */ = {
			isa = XCBuildConfiguration;
			buildSettings = {
				ASSETCATALOG_COMPILER_APPICON_NAME = AppIcon;
				ASSETCATALOG_COMPILER_GLOBAL_ACCENT_COLOR_NAME = AccentColor;
				CODE_SIGN_STYLE = Automatic;
				COMBINE_HIDPI_IMAGES = YES;
				CURRENT_PROJECT_VERSION = 1;
				DEVELOPMENT_TEAM = Y9XXM8XCWH;
				ENABLE_APP_SANDBOX = YES;
				ENABLE_HARDENED_RUNTIME = YES;
				ENABLE_OUTGOING_NETWORK_CONNECTIONS = YES;
				ENABLE_USER_SELECTED_FILES = readonly;
				GENERATE_INFOPLIST_FILE = YES;
				INFOPLIST_FILE = "Chzzk Safari Extension/Info.plist";
				INFOPLIST_KEY_CFBundleDisplayName = "Chzzk Safari Extension";
				INFOPLIST_KEY_NSHumanReadableCopyright = "";
				INFOPLIST_KEY_NSMainStoryboardFile = Main;
				INFOPLIST_KEY_NSPrincipalClass = NSApplication;
				LD_RUNPATH_SEARCH_PATHS = (
					"$(inherited)",
					"@executable_path/../Frameworks",
				);
				MARKETING_VERSION = 1.0;
				OTHER_LDFLAGS = (
					"-framework",
					SafariServices,
					"-framework",
					WebKit,
				);
				PRODUCT_BUNDLE_IDENTIFIER = "dev.zxc88kr.chzzk-safari-extension";
				PRODUCT_NAME = "$(TARGET_NAME)";
				REGISTER_APP_GROUPS = YES;
				STRING_CATALOG_GENERATE_SYMBOLS = YES;
				SWIFT_APPROACHABLE_CONCURRENCY = YES;
				SWIFT_DEFAULT_ACTOR_ISOLATION = MainActor;
				SWIFT_EMIT_LOC_STRINGS = YES;
				SWIFT_UPCOMING_FEATURE_MEMBER_IMPORT_VISIBILITY = YES;
				SWIFT_VERSION = 5.0;
			};
			name = Release;
		};
/* End XCBuildConfiguration section */

/* Begin XCConfigurationList section */
		641B1B0C303B25A100C26189 /* Build configuration list for PBXProject "Chzzk Safari Extension" */ = {
			isa = XCConfigurationList;
			buildConfigurations = (
				641B1B34303B25A200C26189 /* Debug */,
				641B1B35303B25A200C26189 /* Release */,
			);
			defaultConfigurationIsVisible = 0;
			defaultConfigurationName = Release;
		};
		641B1B36303B25A200C26189 /* Build configuration list for PBXNativeTarget "Chzzk Safari Extension Extension" */ = {
			isa = XCConfigurationList;
			buildConfigurations = (
				641B1B37303B25A200C26189 /* Debug */,
				641B1B38303B25A200C26189 /* Release */,
			);
			defaultConfigurationIsVisible = 0;
			defaultConfigurationName = Release;
		};
		641B1B3A303B25A200C26189 /* Build configuration list for PBXNativeTarget "Chzzk Safari Extension" */ = {
			isa = XCConfigurationList;
			buildConfigurations = (
				641B1B3B303B25A200C26189 /* Debug */,
				641B1B3C303B25A200C26189 /* Release */,
			);
			defaultConfigurationIsVisible = 0;
			defaultConfigurationName = Release;
		};
/* End XCConfigurationList section */
	};
	rootObject = 641B1B09303B25A100C26189 /* Project object */;
}
